<?xml version="1.0" encoding="utf-8"?>
<Project ToolsVersion="4.0" xmlns="http://schemas.microsoft.com/developer/msbuild/2003">
  <ItemGroup>
    <Filter Include="Source Files">
      <UniqueIdentifier>{4FC737F1-C7A5-4376-A066-2A32D752A2FF}</UniqueIdentifier>
      <Extensions>cpp;c;cc;cxx;c++;cppm;ixx;def;odl;idl;hpj;bat;asm;asmx</Extensions>
    </Filter>
    <Filter Include="Header Files">
      <UniqueIdentifier>{93995380-89BD-4b04-88EB-625FBE52EBFB}</UniqueIdentifier>
      <Extensions>h;hh;hpp;hxx;h++;hm;inl;inc;ipp;xsd</Extensions>
    </Filter>
    <Filter Include="Resource Files">
      <UniqueIdentifier>{67DA6AB6-F800-4c08-8B7A-83BB121AAD01}</UniqueIdentifier>
      <Extensions>rc;ico;cur;bmp;dlg;rc2;rct;bin;rgs;gif;jpg;jpeg;jpe;resx;tiff;tif;png;wav;mfcribbon-ms</Extensions>
    </Filter>
    <Filter Include="ImGui">
      <UniqueIdentifier>{3472fb47-0d60-4331-9897-01cb3f426727}</UniqueIdentifier>
    </Filter>
    <Filter Include="Discord">
      <UniqueIdentifier>{5da5ad6d-262e-46ac-899a-776d4bfed407}</UniqueIdentifier>
    </Filter>
  </ItemGroup>
  <ItemGroup>
    <ClCompile Include="main.cpp">
      <Filter>Source Files</Filter>
    </ClCompile>
    <ClCompile Include="GUI.cpp">
      <Filter>Source Files</Filter>
    </ClCompile>
    <ClCompile Include="Memory.cpp">
      <Filter>Source Files</Filter>
    </ClCompile>
    <ClCompile Include="Utils.cpp">
      <Filter>Source Files</Filter>
    </ClCompile>
    <ClCompile Include="Vector.cpp">
      <Filter>Source Files</Filter>
    </ClCompile>
    <ClCompile Include="Ball.cpp">
      <Filter>Source Files</Filter>
    </ClCompile>
    <ClCompile Include="Balls.cpp">
      <Filter>Source Files</Filter>
    </ClCompile>
    <ClCompile Include="GenericData.cpp">
      <Filter>Source Files</Filter>
    </ClCompile>
    <ClCompile Include="TableInfo.cpp">
      <Filter>Source Files</Filter>
    </ClCompile>
    <ClCompile Include="GlobalVars.cpp">
      <Filter>Source Files</Filter>
    </ClCompile>
    <ClCompile Include="Prediction.cpp">
      <Filter>Source Files</Filter>
    </ClCompile>
    <ClCompile Include="GameManager.cpp">
      <Filter>Source Files</Filter>
    </ClCompile>
    <ClCompile Include="AdsManager.cpp">
      <Filter>Source Files</Filter>
    </ClCompile>
    <ClCompile Include="ImGui\imgui.cpp">
      <Filter>ImGui</Filter>
    </ClCompile>
    <ClCompile Include="ImGui\imgui_demo.cpp">
      <Filter>ImGui</Filter>
    </ClCompile>
    <ClCompile Include="ImGui\imgui_draw.cpp">
      <Filter>ImGui</Filter>
    </ClCompile>
    <ClCompile Include="ImGui\imgui_impl_win32.cpp">
      <Filter>ImGui</Filter>
    </ClCompile>
    <ClCompile Include="ImGui\imgui_tables.cpp">
      <Filter>ImGui</Filter>
    </ClCompile>
    <ClCompile Include="ImGui\imgui_widgets.cpp">
      <Filter>ImGui</Filter>
    </ClCompile>
    <ClCompile Include="Menu.cpp">
      <Filter>Source Files</Filter>
    </ClCompile>
    <ClCompile Include="ImGui\imgui_impl_dx9.cpp">
      <Filter>ImGui</Filter>
    </ClCompile>
    <ClCompile Include="MenuManager.cpp">
      <Filter>Source Files</Filter>
    </ClCompile>
    <ClCompile Include="UserInfo.cpp">
      <Filter>Source Files</Filter>
    </ClCompile>
    <ClCompile Include="discord.cpp">
      <Filter>Source Files</Filter>
    </ClCompile>
    <ClCompile Include="Discord SDK\src\connection_win.cpp">
      <Filter>Discord</Filter>
    </ClCompile>
    <ClCompile Include="Discord SDK\src\discord_register_win.cpp">
      <Filter>Discord</Filter>
    </ClCompile>
    <ClCompile Include="Discord SDK\src\discord_rpc.cpp">
      <Filter>Discord</Filter>
    </ClCompile>
    <ClCompile Include="Discord SDK\src\rpc_connection.cpp">
      <Filter>Discord</Filter>
    </ClCompile>
    <ClCompile Include="Discord SDK\src\serialization.cpp">
      <Filter>Discord</Filter>
    </ClCompile>
    <ClCompile Include="config.cpp">
      <Filter>Source Files</Filter>
    </ClCompile>
    <ClCompile Include="ImGuiCustom.cpp">
      <Filter>Source Files</Filter>
    </ClCompile>
    <ClCompile Include="UserSettings.cpp">
      <Filter>Source Files</Filter>
    </ClCompile>
    <ClCompile Include="CodeManager.cpp">
      <Filter>Source Files</Filter>
    </ClCompile>
  </ItemGroup>
  <ItemGroup>
    <ClInclude Include="GUI.h">
      <Filter>Header Files</Filter>
    </ClInclude>
    <ClInclude Include="Memory.h">
      <Filter>Header Files</Filter>
    </ClInclude>
    <ClInclude Include="Utils.h">
      <Filter>Header Files</Filter>
    </ClInclude>
    <ClInclude Include="Offsets.h">
      <Filter>Header Files</Filter>
    </ClInclude>
    <ClInclude Include="GlobalVars.h">
      <Filter>Header Files</Filter>
    </ClInclude>
    <ClInclude Include="Vector.h">
      <Filter>Header Files</Filter>
    </ClInclude>
    <ClInclude Include="Ball.h">
      <Filter>Header Files</Filter>
    </ClInclude>
    <ClInclude Include="Balls.h">
      <Filter>Header Files</Filter>
    </ClInclude>
    <ClInclude Include="GenericData.h">
      <Filter>Header Files</Filter>
    </ClInclude>
    <ClInclude Include="TableInfo.h">
      <Filter>Header Files</Filter>
    </ClInclude>
    <ClInclude Include="const.h">
      <Filter>Header Files</Filter>
    </ClInclude>
    <ClInclude Include="Prediction.h">
      <Filter>Header Files</Filter>
    </ClInclude>
    <ClInclude Include="Colors.hpp">
      <Filter>Source Files</Filter>
    </ClInclude>
    <ClInclude Include="GameManager.h">
      <Filter>Header Files</Filter>
    </ClInclude>
    <ClInclude Include="OneTimeAssignment.h">
      <Filter>Header Files</Filter>
    </ClInclude>
    <ClInclude Include="AdsManager.h">
      <Filter>Header Files</Filter>
    </ClInclude>
    <ClInclude Include="ImGui\imconfig.h">
      <Filter>ImGui</Filter>
    </ClInclude>
    <ClInclude Include="ImGui\imgui.h">
      <Filter>ImGui</Filter>
    </ClInclude>
    <ClInclude Include="ImGui\imgui_impl_win32.h">
      <Filter>ImGui</Filter>
    </ClInclude>
    <ClInclude Include="ImGui\imgui_internal.h">
      <Filter>ImGui</Filter>
    </ClInclude>
    <ClInclude Include="ImGui\imstb_rectpack.h">
      <Filter>ImGui</Filter>
    </ClInclude>
    <ClInclude Include="ImGui\imstb_textedit.h">
      <Filter>ImGui</Filter>
    </ClInclude>
    <ClInclude Include="ImGui\imstb_truetype.h">
      <Filter>ImGui</Filter>
    </ClInclude>
    <ClInclude Include="Menu.h">
      <Filter>Header Files</Filter>
    </ClInclude>
    <ClInclude Include="ImGui\imgui_impl_dx9.h">
      <Filter>ImGui</Filter>
    </ClInclude>
    <ClInclude Include="MenuManager.h">
      <Filter>Header Files</Filter>
    </ClInclude>
    <ClInclude Include="UserInfo.h">
      <Filter>Header Files</Filter>
    </ClInclude>
    <ClInclude Include="discord.h">
      <Filter>Header Files</Filter>
    </ClInclude>
    <ClInclude Include="Discord SDK\src\backoff.h">
      <Filter>Discord</Filter>
    </ClInclude>
    <ClInclude Include="Discord SDK\src\connection.h">
      <Filter>Discord</Filter>
    </ClInclude>
    <ClInclude Include="Discord SDK\src\msg_queue.h">
      <Filter>Discord</Filter>
    </ClInclude>
    <ClInclude Include="Discord SDK\src\rpc_connection.h">
      <Filter>Discord</Filter>
    </ClInclude>
    <ClInclude Include="Discord SDK\src\serialization.h">
      <Filter>Discord</Filter>
    </ClInclude>
    <ClInclude Include="config.h">
      <Filter>Header Files</Filter>
    </ClInclude>
    <ClInclude Include="ImGuiCustom.h">
      <Filter>Header Files</Filter>
    </ClInclude>
    <ClInclude Include="UserSettings.h">
      <Filter>Header Files</Filter>
    </ClInclude>
    <ClInclude Include="skCrypt.h">
      <Filter>Header Files</Filter>
    </ClInclude>
    <ClInclude Include="resource.h">
      <Filter>Header Files</Filter>
    </ClInclude>
    <ClInclude Include="CodeManager.h">
      <Filter>Header Files</Filter>
    </ClInclude>
    <ClInclude Include="d3d9.h">
      <Filter>Header Files</Filter>
    </ClInclude>
  </ItemGroup>
</Project>